
Microsoft Visual Studio Solution File, Format Version 12.00
# Visual Studio Version 17
VisualStudioVersion = 17.0.31903.59
MinimumVisualStudioVersion = 10.0.40219.1
Project("{9A19103F-16F7-4668-BE54-9A1E7A4F7556}") = "AltaSoft.DomainPrimitives", "src\AltaSoft.DomainPrimitives\AltaSoft.DomainPrimitives.csproj", "{E5F41084-26EF-4BA5-A4F9-74105F550CB9}"
EndProject
Project("{9A19103F-16F7-4668-BE54-9A1E7A4F7556}") = "AltaSoft.DomainPrimitives.Abstractions", "src\AltaSoft.DomainPrimitives.Abstractions\AltaSoft.DomainPrimitives.Abstractions.csproj", "{B1032BBF-96EB-4693-A807-A99DECFA45FF}"
EndProject
Project("{9A19103F-16F7-4668-BE54-9A1E7A4F7556}") = "AltaSoft.DomainPrimitives.Generator", "src\AltaSoft.DomainPrimitives.Generator\AltaSoft.DomainPrimitives.Generator.csproj", "{01537E81-E36F-41A0-B843-D1089E0D76AB}"
EndProject
Project("{2150E333-8FDC-42A3-9474-1A3956D46DE8}") = "Solution Items", "Solution Items", "{BF9447CC-2D00-495A-A8C3-D4890EADB01B}"
	ProjectSection(SolutionItems) = preProject
		.github\workflows\dotnet.yml = .github\workflows\dotnet.yml
		LICENSE.txt = LICENSE.txt
		.github\workflows\publish_nuget.yml = .github\workflows\publish_nuget.yml
		README.md = README.md
	EndProjectSection
EndProject
Project("{FAE04EC0-301F-11D3-BF4B-00C04F79EFBC}") = "AltaSoft.DomainPrimitives.Tests", "tests\AltaSoft.DomainPrimitives.Tests\AltaSoft.DomainPrimitives.Tests.csproj", "{A3D3536F-993E-4606-B9DF-A4C4B3E1AF69}"
EndProject
Global
	GlobalSection(SolutionConfigurationPlatforms) = preSolution
		Debug|Any CPU = Debug|Any CPU
		Release|Any CPU = Release|Any CPU
	EndGlobalSection
	GlobalSection(ProjectConfigurationPlatforms) = postSolution
		{E5F41084-26EF-4BA5-A4F9-74105F550CB9}.Debug|Any CPU.ActiveCfg = Debug|Any CPU
		{E5F41084-26EF-4BA5-A4F9-74105F550CB9}.Debug|Any CPU.Build.0 = Debug|Any CPU
		{E5F41084-26EF-4BA5-A4F9-74105F550CB9}.Release|Any CPU.ActiveCfg = Release|Any CPU
		{E5F41084-26EF-4BA5-A4F9-74105F550CB9}.Release|Any CPU.Build.0 = Release|Any CPU
		{B1032BBF-96EB-4693-A807-A99DECFA45FF}.Debug|Any CPU.ActiveCfg = Debug|Any CPU
		{B1032BBF-96EB-4693-A807-A99DECFA45FF}.Debug|Any CPU.Build.0 = Debug|Any CPU
		{B1032BBF-96EB-4693-A807-A99DECFA45FF}.Release|Any CPU.ActiveCfg = Release|Any CPU
		{B1032BBF-96EB-4693-A807-A99DECFA45FF}.Release|Any CPU.Build.0 = Release|Any CPU
		{01537E81-E36F-41A0-B843-D1089E0D76AB}.Debug|Any CPU.ActiveCfg = Debug|Any CPU
		{01537E81-E36F-41A0-B843-D1089E0D76AB}.Debug|Any CPU.Build.0 = Debug|Any CPU
		{01537E81-E36F-41A0-B843-D1089E0D76AB}.Release|Any CPU.ActiveCfg = Release|Any CPU
		{01537E81-E36F-41A0-B843-D1089E0D76AB}.Release|Any CPU.Build.0 = Release|Any CPU
		{A3D3536F-993E-4606-B9DF-A4C4B3E1AF69}.Debug|Any CPU.ActiveCfg = Debug|Any CPU
		{A3D3536F-993E-4606-B9DF-A4C4B3E1AF69}.Debug|Any CPU.Build.0 = Debug|Any CPU
		{A3D3536F-993E-4606-B9DF-A4C4B3E1AF69}.Release|Any CPU.ActiveCfg = Release|Any CPU
		{A3D3536F-993E-4606-B9DF-A4C4B3E1AF69}.Release|Any CPU.Build.0 = Release|Any CPU
	EndGlobalSection
	GlobalSection(SolutionProperties) = preSolution
		HideSolutionNode = FALSE
	EndGlobalSection
	GlobalSection(ExtensibilityGlobals) = postSolution
		SolutionGuid = {84804F7F-F00C-454C-A90E-4013B6EA6263}
	EndGlobalSection
EndGlobal
