
Microsoft Visual Studio Solution File, Format Version 12.00
# Visual Studio Version 18
VisualStudioVersion = 18.0.11217.181
MinimumVisualStudioVersion = 10.0.40219.1
Project("{FAE04EC0-301F-11D3-BF4B-00C04F79EFBC}") = "AltaSoft.DomainPrimitives.Demo", "AltaSoft.DomainPrimitives.Demo\AltaSoft.DomainPrimitives.Demo.csproj", "{193DA3B4-7F2C-4EED-A7AF-9F69964B7B27}"
EndProject
Project("{FAE04EC0-301F-11D3-BF4B-00C04F79EFBC}") = "DomainPrimitivesDemo", "DomainPrimitivesDemo\DomainPrimitivesDemo.csproj", "{9FC289DD-3CB9-4A2D-95D5-B8DD6187D131}"
EndProject
Project("{FAE04EC0-301F-11D3-BF4B-00C04F79EFBC}") = "AltaSoft.DomainPrimitives.Generator", "..\src\AltaSoft.DomainPrimitives.Generator\AltaSoft.DomainPrimitives.Generator.csproj", "{0B6B8ED4-8D2B-93ED-6219-79A1237AFAFA}"
EndProject
Project("{FAE04EC0-301F-11D3-BF4B-00C04F79EFBC}") = "AltaSoft.DomainPrimitives", "..\src\AltaSoft.DomainPrimitives\AltaSoft.DomainPrimitives.csproj", "{E15AD85A-80BF-DBA3-9850-D9E144EB26AA}"
EndProject
Project("{FAE04EC0-301F-11D3-BF4B-00C04F79EFBC}") = "AltaSoft.DomainPrimitives.SwaggerExtensions", "..\src\AltaSoft.DomainPrimitives.SwaggerExtensions\AltaSoft.DomainPrimitives.SwaggerExtensions.csproj", "{CAEE1818-F333-DF43-89BA-DEC9BD64E279}"
EndProject
Project("{FAE04EC0-301F-11D3-BF4B-00C04F79EFBC}") = "AltaSoft.DomainPrimitives.OpenApiExtensions", "..\src\AltaSoft.DomainPrimitives.OpenApiExtensions\AltaSoft.DomainPrimitives.OpenApiExtensions.csproj", "{069E8303-00AA-16AD-9DE1-FCD188DA59B1}"
EndProject
Global
	GlobalSection(SolutionConfigurationPlatforms) = preSolution
		Debug|Any CPU = Debug|Any CPU
		Release|Any CPU = Release|Any CPU
	EndGlobalSection
	GlobalSection(ProjectConfigurationPlatforms) = postSolution
		{193DA3B4-7F2C-4EED-A7AF-9F69964B7B27}.Debug|Any CPU.ActiveCfg = Debug|Any CPU
		{193DA3B4-7F2C-4EED-A7AF-9F69964B7B27}.Debug|Any CPU.Build.0 = Debug|Any CPU
		{193DA3B4-7F2C-4EED-A7AF-9F69964B7B27}.Release|Any CPU.ActiveCfg = Release|Any CPU
		{193DA3B4-7F2C-4EED-A7AF-9F69964B7B27}.Release|Any CPU.Build.0 = Release|Any CPU
		{9FC289DD-3CB9-4A2D-95D5-B8DD6187D131}.Debug|Any CPU.ActiveCfg = Debug|Any CPU
		{9FC289DD-3CB9-4A2D-95D5-B8DD6187D131}.Debug|Any CPU.Build.0 = Debug|Any CPU
		{9FC289DD-3CB9-4A2D-95D5-B8DD6187D131}.Release|Any CPU.ActiveCfg = Release|Any CPU
		{9FC289DD-3CB9-4A2D-95D5-B8DD6187D131}.Release|Any CPU.Build.0 = Release|Any CPU
		{0B6B8ED4-8D2B-93ED-6219-79A1237AFAFA}.Debug|Any CPU.ActiveCfg = Debug|Any CPU
		{0B6B8ED4-8D2B-93ED-6219-79A1237AFAFA}.Debug|Any CPU.Build.0 = Debug|Any CPU
		{0B6B8ED4-8D2B-93ED-6219-79A1237AFAFA}.Release|Any CPU.ActiveCfg = Release|Any CPU
		{0B6B8ED4-8D2B-93ED-6219-79A1237AFAFA}.Release|Any CPU.Build.0 = Release|Any CPU
		{E15AD85A-80BF-DBA3-9850-D9E144EB26AA}.Debug|Any CPU.ActiveCfg = Debug|Any CPU
		{E15AD85A-80BF-DBA3-9850-D9E144EB26AA}.Debug|Any CPU.Build.0 = Debug|Any CPU
		{E15AD85A-80BF-DBA3-9850-D9E144EB26AA}.Release|Any CPU.ActiveCfg = Release|Any CPU
		{E15AD85A-80BF-DBA3-9850-D9E144EB26AA}.Release|Any CPU.Build.0 = Release|Any CPU
		{CAEE1818-F333-DF43-89BA-DEC9BD64E279}.Debug|Any CPU.ActiveCfg = Debug|Any CPU
		{CAEE1818-F333-DF43-89BA-DEC9BD64E279}.Debug|Any CPU.Build.0 = Debug|Any CPU
		{CAEE1818-F333-DF43-89BA-DEC9BD64E279}.Release|Any CPU.ActiveCfg = Release|Any CPU
		{CAEE1818-F333-DF43-89BA-DEC9BD64E279}.Release|Any CPU.Build.0 = Release|Any CPU
		{069E8303-00AA-16AD-9DE1-FCD188DA59B1}.Debug|Any CPU.ActiveCfg = Debug|Any CPU
		{069E8303-00AA-16AD-9DE1-FCD188DA59B1}.Debug|Any CPU.Build.0 = Debug|Any CPU
		{069E8303-00AA-16AD-9DE1-FCD188DA59B1}.Release|Any CPU.ActiveCfg = Release|Any CPU
		{069E8303-00AA-16AD-9DE1-FCD188DA59B1}.Release|Any CPU.Build.0 = Release|Any CPU
	EndGlobalSection
	GlobalSection(SolutionProperties) = preSolution
		HideSolutionNode = FALSE
	EndGlobalSection
	GlobalSection(ExtensibilityGlobals) = postSolution
		SolutionGuid = {912DA086-E7D2-4160-B507-607CA7557489}
	EndGlobalSection
EndGlobal
